
Microsoft Visual Studio Solution File, Format Version 12.00
# Visual Studio Version 16
VisualStudioVersion = 16.0.30114.105
MinimumVisualStudioVersion = 10.0.40219.1
Project("{FAE04EC0-301F-11D3-BF4B-00C04F79EFBC}") = "Inventory.Domain", "inventory.domain\Inventory.Domain.csproj", "{80B4FE8E-109C-4BC8-B154-772A7882FA16}"
EndProject
Project("{FAE04EC0-301F-11D3-BF4B-00C04F79EFBC}") = "Inventory.Infrastructure", "inventory.infrastructure\Inventory.Infrastructure.csproj", "{34BEFED1-46EF-4BE1-8C9B-05D11DBDC0FD}"
EndProject
Project("{FAE04EC0-301F-11D3-BF4B-00C04F79EFBC}") = "Inventory.Api", "inventory.api\Inventory.Api.csproj", "{4E856DA2-A236-48B2-A005-114BB25D1ADF}"
EndProject
Global
	GlobalSection(SolutionConfigurationPlatforms) = preSolution
		Debug|Any CPU = Debug|Any CPU
		Release|Any CPU = Release|Any CPU
	EndGlobalSection
	GlobalSection(SolutionProperties) = preSolution
		HideSolutionNode = FALSE
	EndGlobalSection
	GlobalSection(ProjectConfigurationPlatforms) = postSolution
		{80B4FE8E-109C-4BC8-B154-772A7882FA16}.Debug|Any CPU.ActiveCfg = Debug|Any CPU
		{80B4FE8E-109C-4BC8-B154-772A7882FA16}.Debug|Any CPU.Build.0 = Debug|Any CPU
		{80B4FE8E-109C-4BC8-B154-772A7882FA16}.Release|Any CPU.ActiveCfg = Release|Any CPU
		{80B4FE8E-109C-4BC8-B154-772A7882FA16}.Release|Any CPU.Build.0 = Release|Any CPU
		{34BEFED1-46EF-4BE1-8C9B-05D11DBDC0FD}.Debug|Any CPU.ActiveCfg = Debug|Any CPU
		{34BEFED1-46EF-4BE1-8C9B-05D11DBDC0FD}.Debug|Any CPU.Build.0 = Debug|Any CPU
		{34BEFED1-46EF-4BE1-8C9B-05D11DBDC0FD}.Release|Any CPU.ActiveCfg = Release|Any CPU
		{34BEFED1-46EF-4BE1-8C9B-05D11DBDC0FD}.Release|Any CPU.Build.0 = Release|Any CPU
		{4E856DA2-A236-48B2-A005-114BB25D1ADF}.Debug|Any CPU.ActiveCfg = Debug|Any CPU
		{4E856DA2-A236-48B2-A005-114BB25D1ADF}.Debug|Any CPU.Build.0 = Debug|Any CPU
		{4E856DA2-A236-48B2-A005-114BB25D1ADF}.Release|Any CPU.ActiveCfg = Release|Any CPU
		{4E856DA2-A236-48B2-A005-114BB25D1ADF}.Release|Any CPU.Build.0 = Release|Any CPU
	EndGlobalSection
EndGlobal
